// !$*UTF8*$!
{
	archiveVersion = 1;
	classes = {
	};
	objectVersion = 46;
	objects = {

/* Begin PBXBuildFile section */
		0F327E351A587A9A00DDA422 /* APIManager.swift in Sources */ = {isa = PBXBuildFile; fileRef = 0F327E341A587A9A00DDA422 /* APIManager.swift */; };
		0F327E371A587AB400DDA422 /* Constants.swift in Sources */ = {isa = PBXBuildFile; fileRef = 0F327E361A587AB400DDA422 /* Constants.swift */; };
		0F51B7971A58719D00471244 /* AppDelegate.swift in Sources */ = {isa = PBXBuildFile; fileRef = 0F51B7961A58719D00471244 /* AppDelegate.swift */; };
		0F51B7991A58719D00471244 /* ViewController.swift in Sources */ = {isa = PBXBuildFile; fileRef = 0F51B7981A58719D00471244 /* ViewController.swift */; };
		0F51B79C1A58719D00471244 /* Main.storyboard in Resources */ = {isa = PBXBuildFile; fileRef = 0F51B79A1A58719D00471244 /* Main.storyboard */; };
		0F51B79E1A58719D00471244 /* Images.xcassets in Resources */ = {isa = PBXBuildFile; fileRef = 0F51B79D1A58719D00471244 /* Images.xcassets */; };
		0F51B7A11A58719D00471244 /* LaunchScreen.xib in Resources */ = {isa = PBXBuildFile; fileRef = 0F51B79F1A58719D00471244 /* LaunchScreen.xib */; };
		0F51B7AD1A58719E00471244 /* Race_DayTests.swift in Sources */ = {isa = PBXBuildFile; fileRef = 0F51B7AC1A58719E00471244 /* Race_DayTests.swift */; };
		0F579A431A5875EF0043D31B /* MapViewController.m in Sources */ = {isa = PBXBuildFile; fileRef = 0F579A421A5875EF0043D31B /* MapViewController.m */; };
		11F74760FE5E36C1A8D8FFCC /* libPods.a in Frameworks */ = {isa = PBXBuildFile; fileRef = B78DFDFE183A01252B4EF100 /* libPods.a */; };
/* End PBXBuildFile section */

/* Begin PBXContainerItemProxy section */
		0F51B7A71A58719E00471244 /* PBXContainerItemProxy */ = {
			isa = PBXContainerItemProxy;
			containerPortal = 0F51B7891A58719D00471244 /* Project object */;
			proxyType = 1;
			remoteGlobalIDString = 0F51B7901A58719D00471244;
			remoteInfo = "Race Day";
		};
/* End PBXContainerItemProxy section */

/* Begin PBXFileReference section */
		0F327E341A587A9A00DDA422 /* APIManager.swift */ = {isa = PBXFileReference; fileEncoding = 4; lastKnownFileType = sourcecode.swift; path = APIManager.swift; sourceTree = "<group>"; };
		0F327E361A587AB400DDA422 /* Constants.swift */ = {isa = PBXFileReference; fileEncoding = 4; lastKnownFileType = sourcecode.swift; path = Constants.swift; sourceTree = "<group>"; };
		0F51B7911A58719D00471244 /* Race Day.app */ = {isa = PBXFileReference; explicitFileType = wrapper.application; includeInIndex = 0; path = "Race Day.app"; sourceTree = BUILT_PRODUCTS_DIR; };
		0F51B7951A58719D00471244 /* Info.plist */ = {isa = PBXFileReference; lastKnownFileType = text.plist.xml; path = Info.plist; sourceTree = "<group>"; };
		0F51B7961A58719D00471244 /* AppDelegate.swift */ = {isa = PBXFileReference; lastKnownFileType = sourcecode.swift; path = AppDelegate.swift; sourceTree = "<group>"; };
		0F51B7981A58719D00471244 /* ViewController.swift */ = {isa = PBXFileReference; lastKnownFileType = sourcecode.swift; path = ViewController.swift; sourceTree = "<group>"; };
		0F51B79B1A58719D00471244 /* Base */ = {isa = PBXFileReference; lastKnownFileType = file.storyboard; name = Base; path = Base.lproj/Main.storyboard; sourceTree = "<group>"; };
		0F51B79D1A58719D00471244 /* Images.xcassets */ = {isa = PBXFileReference; lastKnownFileType = folder.assetcatalog; path = Images.xcassets; sourceTree = "<group>"; };
		0F51B7A01A58719D00471244 /* Base */ = {isa = PBXFileReference; lastKnownFileType = file.xib; name = Base; path = Base.lproj/LaunchScreen.xib; sourceTree = "<group>"; };
		0F51B7A61A58719E00471244 /* Race DayTests.xctest */ = {isa = PBXFileReference; explicitFileType = wrapper.cfbundle; includeInIndex = 0; path = "Race DayTests.xctest"; sourceTree = BUILT_PRODUCTS_DIR; };
		0F51B7AB1A58719E00471244 /* Info.plist */ = {isa = PBXFileReference; lastKnownFileType = text.plist.xml; path = Info.plist; sourceTree = "<group>"; };
		0F51B7AC1A58719E00471244 /* Race_DayTests.swift */ = {isa = PBXFileReference; lastKnownFileType = sourcecode.swift; path = Race_DayTests.swift; sourceTree = "<group>"; };
		0F579A3D1A58726B0043D31B /* Race Day-Bridging-Header.h */ = {isa = PBXFileReference; lastKnownFileType = sourcecode.c.h; path = "Race Day-Bridging-Header.h"; sourceTree = SOURCE_ROOT; };
		0F579A411A5875EF0043D31B /* MapViewController.h */ = {isa = PBXFileReference; fileEncoding = 4; lastKnownFileType = sourcecode.c.h; path = MapViewController.h; sourceTree = "<group>"; };
		0F579A421A5875EF0043D31B /* MapViewController.m */ = {isa = PBXFileReference; fileEncoding = 4; lastKnownFileType = sourcecode.c.objc; path = MapViewController.m; sourceTree = "<group>"; };
		B000BB9B71ECC88C713660F6 /* Pods.debug.xcconfig */ = {isa = PBXFileReference; includeInIndex = 1; lastKnownFileType = text.xcconfig; name = Pods.debug.xcconfig; path = "Pods/Target Support Files/Pods/Pods.debug.xcconfig"; sourceTree = "<group>"; };
		B78DFDFE183A01252B4EF100 /* libPods.a */ = {isa = PBXFileReference; explicitFileType = archive.ar; includeInIndex = 0; path = libPods.a; sourceTree = BUILT_PRODUCTS_DIR; };
		DE07BB706FAFF577EBA72D6F /* Pods.release.xcconfig */ = {isa = PBXFileReference; includeInIndex = 1; lastKnownFileType = text.xcconfig; name = Pods.release.xcconfig; path = "Pods/Target Support Files/Pods/Pods.release.xcconfig"; sourceTree = "<group>"; };
/* End PBXFileReference section */

/* Begin PBXFrameworksBuildPhase section */
		0F51B78E1A58719D00471244 /* Frameworks */ = {
			isa = PBXFrameworksBuildPhase;
			buildActionMask = 2147483647;
			files = (
				11F74760FE5E36C1A8D8FFCC /* libPods.a in Frameworks */,
			);
			runOnlyForDeploymentPostprocessing = 0;
		};
		0F51B7A31A58719E00471244 /* Frameworks */ = {
			isa = PBXFrameworksBuildPhase;
			buildActionMask = 2147483647;
			files = (
			);
			runOnlyForDeploymentPostprocessing = 0;
		};
/* End PBXFrameworksBuildPhase section */

/* Begin PBXGroup section */
		0F51B7881A58719D00471244 = {
			isa = PBXGroup;
			children = (
				0F51B7931A58719D00471244 /* Race Day */,
				0F51B7A91A58719E00471244 /* Race DayTests */,
				0F51B7921A58719D00471244 /* Products */,
				9BCAED718C980D035D361D09 /* Pods */,
				DE46A7BAA4429DE1672ACAE2 /* Frameworks */,
			);
			sourceTree = "<group>";
		};
		0F51B7921A58719D00471244 /* Products */ = {
			isa = PBXGroup;
			children = (
				0F51B7911A58719D00471244 /* Race Day.app */,
				0F51B7A61A58719E00471244 /* Race DayTests.xctest */,
			);
			name = Products;
			sourceTree = "<group>";
		};
		0F51B7931A58719D00471244 /* Race Day */ = {
			isa = PBXGroup;
			children = (
				0F327E341A587A9A00DDA422 /* APIManager.swift */,
				0F327E361A587AB400DDA422 /* Constants.swift */,
				0F579A3D1A58726B0043D31B /* Race Day-Bridging-Header.h */,
				0F51B7961A58719D00471244 /* AppDelegate.swift */,
				0F51B7981A58719D00471244 /* ViewController.swift */,
				0F51B79A1A58719D00471244 /* Main.storyboard */,
				0F579A411A5875EF0043D31B /* MapViewController.h */,
				0F579A421A5875EF0043D31B /* MapViewController.m */,
				0F51B79D1A58719D00471244 /* Images.xcassets */,
				0F51B79F1A58719D00471244 /* LaunchScreen.xib */,
				0F51B7941A58719D00471244 /* Supporting Files */,
			);
			path = "Race Day";
			sourceTree = "<group>";
		};
		0F51B7941A58719D00471244 /* Supporting Files */ = {
			isa = PBXGroup;
			children = (
				0F51B7951A58719D00471244 /* Info.plist */,
			);
			name = "Supporting Files";
			sourceTree = "<group>";
		};
		0F51B7A91A58719E00471244 /* Race DayTests */ = {
			isa = PBXGroup;
			children = (
				0F51B7AC1A58719E00471244 /* Race_DayTests.swift */,
				0F51B7AA1A58719E00471244 /* Supporting Files */,
			);
			path = "Race DayTests";
			sourceTree = "<group>";
		};
		0F51B7AA1A58719E00471244 /* Supporting Files */ = {
			isa = PBXGroup;
			children = (
				0F51B7AB1A58719E00471244 /* Info.plist */,
			);
			name = "Supporting Files";
			sourceTree = "<group>";
		};
		9BCAED718C980D035D361D09 /* Pods */ = {
			isa = PBXGroup;
			children = (
				B000BB9B71ECC88C713660F6 /* Pods.debug.xcconfig */,
				DE07BB706FAFF577EBA72D6F /* Pods.release.xcconfig */,
			);
			name = Pods;
			sourceTree = "<group>";
		};
		DE46A7BAA4429DE1672ACAE2 /* Frameworks */ = {
			isa = PBXGroup;
			children = (
				B78DFDFE183A01252B4EF100 /* libPods.a */,
			);
			name = Frameworks;
			sourceTree = "<group>";
		};
/* End PBXGroup section */

/* Begin PBXNativeTarget section */
		0F51B7901A58719D00471244 /* Race Day */ = {
			isa = PBXNativeTarget;
			buildConfigurationList = 0F51B7B01A58719E00471244 /* Build configuration list for PBXNativeTarget "Race Day" */;
			buildPhases = (
				72DD20ECB2F8CF0466C868FB /* Check Pods Manifest.lock */,
				0F51B78D1A58719D00471244 /* Sources */,
				0F51B78E1A58719D00471244 /* Frameworks */,
				0F51B78F1A58719D00471244 /* Resources */,
				9B2832CC192F92641D87F658 /* Copy Pods Resources */,
			);
			buildRules = (
			);
			dependencies = (
			);
			name = "Race Day";
			productName = "Race Day";
			productReference = 0F51B7911A58719D00471244 /* Race Day.app */;
			productType = "com.apple.product-type.application";
		};
		0F51B7A51A58719E00471244 /* Race DayTests */ = {
			isa = PBXNativeTarget;
			buildConfigurationList = 0F51B7B31A58719E00471244 /* Build configuration list for PBXNativeTarget "Race DayTests" */;
			buildPhases = (
				0F51B7A21A58719E00471244 /* Sources */,
				0F51B7A31A58719E00471244 /* Frameworks */,
				0F51B7A41A58719E00471244 /* Resources */,
			);
			buildRules = (
			);
			dependencies = (
				0F51B7A81A58719E00471244 /* PBXTargetDependency */,
			);
			name = "Race DayTests";
			productName = "Race DayTests";
			productReference = 0F51B7A61A58719E00471244 /* Race DayTests.xctest */;
			productType = "com.apple.product-type.bundle.unit-test";
		};
/* End PBXNativeTarget section */

/* Begin PBXProject section */
		0F51B7891A58719D00471244 /* Project object */ = {
			isa = PBXProject;
			attributes = {
				LastUpgradeCheck = 0610;
				ORGANIZATIONNAME = "Questionable Intent";
				TargetAttributes = {
					0F51B7901A58719D00471244 = {
						CreatedOnToolsVersion = 6.1.1;
					};
					0F51B7A51A58719E00471244 = {
						CreatedOnToolsVersion = 6.1.1;
						TestTargetID = 0F51B7901A58719D00471244;
					};
				};
			};
			buildConfigurationList = 0F51B78C1A58719D00471244 /* Build configuration list for PBXProject "Race Day" */;
			compatibilityVersion = "Xcode 3.2";
			developmentRegion = English;
			hasScannedForEncodings = 0;
			knownRegions = (
				en,
				Base,
			);
			mainGroup = 0F51B7881A58719D00471244;
			productRefGroup = 0F51B7921A58719D00471244 /* Products */;
			projectDirPath = "";
			projectRoot = "";
			targets = (
				0F51B7901A58719D00471244 /* Race Day */,
				0F51B7A51A58719E00471244 /* Race DayTests */,
			);
		};
/* End PBXProject section */

/* Begin PBXResourcesBuildPhase section */
		0F51B78F1A58719D00471244 /* Resources */ = {
			isa = PBXResourcesBuildPhase;
			buildActionMask = 2147483647;
			files = (
				0F51B79C1A58719D00471244 /* Main.storyboard in Resources */,
				0F51B7A11A58719D00471244 /* LaunchScreen.xib in Resources */,
				0F51B79E1A58719D00471244 /* Images.xcassets in Resources */,
			);
			runOnlyForDeploymentPostprocessing = 0;
		};
		0F51B7A41A58719E00471244 /* Resources */ = {
			isa = PBXResourcesBuildPhase;
			buildActionMask = 2147483647;
			files = (
			);
			runOnlyForDeploymentPostprocessing = 0;
		};
/* End PBXResourcesBuildPhase section */

/* Begin PBXShellScriptBuildPhase section */
		72DD20ECB2F8CF0466C868FB /* Check Pods Manifest.lock */ = {
			isa = PBXShellScriptBuildPhase;
			buildActionMask = 2147483647;
			files = (
			);
			inputPaths = (
			);
			name = "Check Pods Manifest.lock";
			outputPaths = (
			);
			runOnlyForDeploymentPostprocessing = 0;
			shellPath = /bin/sh;
			shellScript = "diff \"${PODS_ROOT}/../Podfile.lock\" \"${PODS_ROOT}/Manifest.lock\" > /dev/null\nif [[ $? != 0 ]] ; then\n    cat << EOM\nerror: The sandbox is not in sync with the Podfile.lock. Run 'pod install' or update your CocoaPods installation.\nEOM\n    exit 1\nfi\n";
			showEnvVarsInLog = 0;
		};
		9B2832CC192F92641D87F658 /* Copy Pods Resources */ = {
			isa = PBXShellScriptBuildPhase;
			buildActionMask = 2147483647;
			files = (
			);
			inputPaths = (
			);
			name = "Copy Pods Resources";
			outputPaths = (
			);
			runOnlyForDeploymentPostprocessing = 0;
			shellPath = /bin/sh;
			shellScript = "\"${SRCROOT}/Pods/Target Support Files/Pods/Pods-resources.sh\"\n";
			showEnvVarsInLog = 0;
		};
/* End PBXShellScriptBuildPhase section */

/* Begin PBXSourcesBuildPhase section */
		0F51B78D1A58719D00471244 /* Sources */ = {
			isa = PBXSourcesBuildPhase;
			buildActionMask = 2147483647;
			files = (
				0F327E371A587AB400DDA422 /* Constants.swift in Sources */,
				0F327E351A587A9A00DDA422 /* APIManager.swift in Sources */,
				0F579A431A5875EF0043D31B /* MapViewController.m in Sources */,
				0F51B7991A58719D00471244 /* ViewController.swift in Sources */,
				0F51B7971A58719D00471244 /* AppDelegate.swift in Sources */,
			);
			runOnlyForDeploymentPostprocessing = 0;
		};
		0F51B7A21A58719E00471244 /* Sources */ = {
			isa = PBXSourcesBuildPhase;
			buildActionMask = 2147483647;
			files = (
				0F51B7AD1A58719E00471244 /* Race_DayTests.swift in Sources */,
			);
			runOnlyForDeploymentPostprocessing = 0;
		};
/* End PBXSourcesBuildPhase section */

/* Begin PBXTargetDependency section */
		0F51B7A81A58719E00471244 /* PBXTargetDependency */ = {
			isa = PBXTargetDependency;
			target = 0F51B7901A58719D00471244 /* Race Day */;
			targetProxy = 0F51B7A71A58719E00471244 /* PBXContainerItemProxy */;
		};
/* End PBXTargetDependency section */

/* Begin PBXVariantGroup section */
		0F51B79A1A58719D00471244 /* Main.storyboard */ = {
			isa = PBXVariantGroup;
			children = (
				0F51B79B1A58719D00471244 /* Base */,
			);
			name = Main.storyboard;
			sourceTree = "<group>";
		};
		0F51B79F1A58719D00471244 /* LaunchScreen.xib */ = {
			isa = PBXVariantGroup;
			children = (
				0F51B7A01A58719D00471244 /* Base */,
			);
			name = LaunchScreen.xib;
			sourceTree = "<group>";
		};
/* End PBXVariantGroup section */

/* Begin XCBuildConfiguration section */
		0F51B7AE1A58719E00471244 /* Debug */ = {
			isa = XCBuildConfiguration;
			buildSettings = {
				ALWAYS_SEARCH_USER_PATHS = NO;
				CLANG_CXX_LANGUAGE_STANDARD = "gnu++0x";
				CLANG_CXX_LIBRARY = "libc++";
				CLANG_ENABLE_MODULES = YES;
				CLANG_ENABLE_OBJC_ARC = YES;
				CLANG_WARN_BOOL_CONVERSION = YES;
				CLANG_WARN_CONSTANT_CONVERSION = YES;
				CLANG_WARN_DIRECT_OBJC_ISA_USAGE = YES_ERROR;
				CLANG_WARN_EMPTY_BODY = YES;
				CLANG_WARN_ENUM_CONVERSION = YES;
				CLANG_WARN_INT_CONVERSION = YES;
				CLANG_WARN_OBJC_ROOT_CLASS = YES_ERROR;
				CLANG_WARN_UNREACHABLE_CODE = YES;
				CLANG_WARN__DUPLICATE_METHOD_MATCH = YES;
				"CODE_SIGN_IDENTITY[sdk=iphoneos*]" = "iPhone Developer";
				COPY_PHASE_STRIP = NO;
				ENABLE_STRICT_OBJC_MSGSEND = YES;
				GCC_C_LANGUAGE_STANDARD = gnu99;
				GCC_DYNAMIC_NO_PIC = NO;
				GCC_OPTIMIZATION_LEVEL = 0;
				GCC_PREPROCESSOR_DEFINITIONS = (
					"DEBUG=1",
					"$(inherited)",
				);
				GCC_SYMBOLS_PRIVATE_EXTERN = NO;
				GCC_WARN_64_TO_32_BIT_CONVERSION = YES;
				GCC_WARN_ABOUT_RETURN_TYPE = YES_ERROR;
				GCC_WARN_UNDECLARED_SELECTOR = YES;
				GCC_WARN_UNINITIALIZED_AUTOS = YES_AGGRESSIVE;
				GCC_WARN_UNUSED_FUNCTION = YES;
				GCC_WARN_UNUSED_VARIABLE = YES;
				IPHONEOS_DEPLOYMENT_TARGET = 8.1;
				MTL_ENABLE_DEBUG_INFO = YES;
				ONLY_ACTIVE_ARCH = YES;
				SDKROOT = iphoneos;
				SWIFT_OPTIMIZATION_LEVEL = "-Onone";
				TARGETED_DEVICE_FAMILY = "1,2";
			};
			name = Debug;
		};
		0F51B7AF1A58719E00471244 /* Release */ = {
			isa = XCBuildConfiguration;
			buildSettings = {
				ALWAYS_SEARCH_USER_PATHS = NO;
				CLANG_CXX_LANGUAGE_STANDARD = "gnu++0x";
				CLANG_CXX_LIBRARY = "libc++";
				CLANG_ENABLE_MODULES = YES;
				CLANG_ENABLE_OBJC_ARC = YES;
				CLANG_WARN_BOOL_CONVERSION = YES;
				CLANG_WARN_CONSTANT_CONVERSION = YES;
				CLANG_WARN_DIRECT_OBJC_ISA_USAGE = YES_ERROR;
				CLANG_WARN_EMPTY_BODY = YES;
				CLANG_WARN_ENUM_CONVERSION = YES;
				CLANG_WARN_INT_CONVERSION = YES;
				CLANG_WARN_OBJC_ROOT_CLASS = YES_ERROR;
				CLANG_WARN_UNREACHABLE_CODE = YES;
				CLANG_WARN__DUPLICATE_METHOD_MATCH = YES;
				"CODE_SIGN_IDENTITY[sdk=iphoneos*]" = "iPhone Developer";
				COPY_PHASE_STRIP = YES;
				ENABLE_NS_ASSERTIONS = NO;
				ENABLE_STRICT_OBJC_MSGSEND = YES;
				GCC_C_LANGUAGE_STANDARD = gnu99;
				GCC_WARN_64_TO_32_BIT_CONVERSION = YES;
				GCC_WARN_ABOUT_RETURN_TYPE = YES_ERROR;
				GCC_WARN_UNDECLARED_SELECTOR = YES;
				GCC_WARN_UNINITIALIZED_AUTOS = YES_AGGRESSIVE;
				GCC_WARN_UNUSED_FUNCTION = YES;
				GCC_WARN_UNUSED_VARIABLE = YES;
				IPHONEOS_DEPLOYMENT_TARGET = 8.1;
				MTL_ENABLE_DEBUG_INFO = NO;
				SDKROOT = iphoneos;
				TARGETED_DEVICE_FAMILY = "1,2";
				VALIDATE_PRODUCT = YES;
			};
			name = Release;
		};
		0F51B7B11A58719E00471244 /* Debug */ = {
			isa = XCBuildConfiguration;
			baseConfigurationReference = B000BB9B71ECC88C713660F6 /* Pods.debug.xcconfig */;
			buildSettings = {
				ASSETCATALOG_COMPILER_APPICON_NAME = AppIcon;
				CLANG_ENABLE_MODULES = YES;
				INFOPLIST_FILE = "Race Day/Info.plist";
				LD_RUNPATH_SEARCH_PATHS = "$(inherited) @executable_path/Frameworks";
				PRODUCT_NAME = "$(TARGET_NAME)";
				SWIFT_OBJC_BRIDGING_HEADER = "Race Day-Bridging-Header.h";
				SWIFT_OPTIMIZATION_LEVEL = "-Onone";
			};
			name = Debug;
		};
		0F51B7B21A58719E00471244 /* Release */ = {
			isa = XCBuildConfiguration;
			baseConfigurationReference = DE07BB706FAFF577EBA72D6F /* Pods.release.xcconfig */;
			buildSettings = {
				ASSETCATALOG_COMPILER_APPICON_NAME = AppIcon;
				CLANG_ENABLE_MODULES = YES;
				INFOPLIST_FILE = "Race Day/Info.plist";
				LD_RUNPATH_SEARCH_PATHS = "$(inherited) @executable_path/Frameworks";
				PRODUCT_NAME = "$(TARGET_NAME)";
				SWIFT_OBJC_BRIDGING_HEADER = "Race Day-Bridging-Header.h";
			};
			name = Release;
		};
		0F51B7B41A58719E00471244 /* Debug */ = {
			isa = XCBuildConfiguration;
			buildSettings = {
				BUNDLE_LOADER = "$(TEST_HOST)";
				FRAMEWORK_SEARCH_PATHS = (
					"$(SDKROOT)/Developer/Library/Frameworks",
					"$(inherited)",
				);
				GCC_PREPROCESSOR_DEFINITIONS = (
					"DEBUG=1",
					"$(inherited)",
				);
				INFOPLIST_FILE = "Race DayTests/Info.plist";
				LD_RUNPATH_SEARCH_PATHS = "$(inherited) @executable_path/Frameworks @loader_path/Frameworks";
				PRODUCT_NAME = "$(TARGET_NAME)";
				TEST_HOST = "$(BUILT_PRODUCTS_DIR)/Race Day.app/Race Day";
			};
			name = Debug;
		};
		0F51B7B51A58719E00471244 /* Release */ = {
			isa = XCBuildConfiguration;
			buildSettings = {
				BUNDLE_LOADER = "$(TEST_HOST)";
				FRAMEWORK_SEARCH_PATHS = (
					"$(SDKROOT)/Developer/Library/Frameworks",
					"$(inherited)",
				);
				INFOPLIST_FILE = "Race DayTests/Info.plist";
				LD_RUNPATH_SEARCH_PATHS = "$(inherited) @executable_path/Frameworks @loader_path/Frameworks";
				PRODUCT_NAME = "$(TARGET_NAME)";
				TEST_HOST = "$(BUILT_PRODUCTS_DIR)/Race Day.app/Race Day";
			};
			name = Release;
		};
/* End XCBuildConfiguration section */

/* Begin XCConfigurationList section */
		0F51B78C1A58719D00471244 /* Build configuration list for PBXProject "Race Day" */ = {
			isa = XCConfigurationList;
			buildConfigurations = (
				0F51B7AE1A58719E00471244 /* Debug */,
				0F51B7AF1A58719E00471244 /* Release */,
			);
			defaultConfigurationIsVisible = 0;
			defaultConfigurationName = Release;
		};
		0F51B7B01A58719E00471244 /* Build configuration list for PBXNativeTarget "Race Day" */ = {
			isa = XCConfigurationList;
			buildConfigurations = (
				0F51B7B11A58719E00471244 /* Debug */,
				0F51B7B21A58719E00471244 /* Release */,
			);
			defaultConfigurationIsVisible = 0;
			defaultConfigurationName = Release;
		};
		0F51B7B31A58719E00471244 /* Build configuration list for PBXNativeTarget "Race DayTests" */ = {
			isa = XCConfigurationList;
			buildConfigurations = (
				0F51B7B41A58719E00471244 /* Debug */,
				0F51B7B51A58719E00471244 /* Release */,
			);
			defaultConfigurationIsVisible = 0;
			defaultConfigurationName = Release;
		};
/* End XCConfigurationList section */
	};
	rootObject = 0F51B7891A58719D00471244 /* Project object */;
}
